
Microsoft Visual Studio Solution File, Format Version 12.00
# Visual Studio 2012
Project("{FAE04EC0-301F-11D3-BF4B-00C04F79EFBC}") = "HBMLogAnalyzer", "HBMLogAnalyzer\HBMLogAnalyzer.csproj", "{49565172-8AFE-4A9D-AF4C-CD342254001B}"
EndProject
Project("{FAE04EC0-301F-11D3-BF4B-00C04F79EFBC}") = "UnitTestProject1", "UnitTestProject1\UnitTestProject1.csproj", "{89A637D2-4BA3-459D-BD6A-6A00EB42AC92}"
EndProject
Project("{FAE04EC0-301F-11D3-BF4B-00C04F79EFBC}") = "DepersonIt", "DepersonIt\DepersonIt.csproj", "{B5FC8267-6162-4468-BEB8-D67552C43FC8}"
EndProject
Project("{FAE04EC0-301F-11D3-BF4B-00C04F79EFBC}") = "PostgresLogAnalyzer", "PostgresLogAnalyzer\PostgresLogAnalyzer.csproj", "{56D87D79-0423-4F4D-A061-A7B64383D1E8}"
EndProject
Project("{FAE04EC0-301F-11D3-BF4B-00C04F79EFBC}") = "Test.PostgresLogAnalyzer", "Test.PostgresLogAnalyzer\Test.PostgresLogAnalyzer.csproj", "{51481ECE-F975-4DF4-A9A1-9B55388F5C54}"
EndProject
Project("{FAE04EC0-301F-11D3-BF4B-00C04F79EFBC}") = "ElasticView", "ElasticView\ElasticView.csproj", "{53CA6DEC-ADAD-445D-8310-7DA519C7F1DA}"
EndProject
Global
	GlobalSection(SolutionConfigurationPlatforms) = preSolution
		Debug|Any CPU = Debug|Any CPU
		Release|Any CPU = Release|Any CPU
	EndGlobalSection
	GlobalSection(ProjectConfigurationPlatforms) = postSolution
		{49565172-8AFE-4A9D-AF4C-CD342254001B}.Debug|Any CPU.ActiveCfg = Debug|Any CPU
		{49565172-8AFE-4A9D-AF4C-CD342254001B}.Debug|Any CPU.Build.0 = Debug|Any CPU
		{49565172-8AFE-4A9D-AF4C-CD342254001B}.Release|Any CPU.ActiveCfg = Release|Any CPU
		{49565172-8AFE-4A9D-AF4C-CD342254001B}.Release|Any CPU.Build.0 = Release|Any CPU
		{89A637D2-4BA3-459D-BD6A-6A00EB42AC92}.Debug|Any CPU.ActiveCfg = Debug|Any CPU
		{89A637D2-4BA3-459D-BD6A-6A00EB42AC92}.Debug|Any CPU.Build.0 = Debug|Any CPU
		{89A637D2-4BA3-459D-BD6A-6A00EB42AC92}.Release|Any CPU.ActiveCfg = Release|Any CPU
		{89A637D2-4BA3-459D-BD6A-6A00EB42AC92}.Release|Any CPU.Build.0 = Release|Any CPU
		{B5FC8267-6162-4468-BEB8-D67552C43FC8}.Debug|Any CPU.ActiveCfg = Debug|Any CPU
		{B5FC8267-6162-4468-BEB8-D67552C43FC8}.Debug|Any CPU.Build.0 = Debug|Any CPU
		{B5FC8267-6162-4468-BEB8-D67552C43FC8}.Release|Any CPU.ActiveCfg = Release|Any CPU
		{B5FC8267-6162-4468-BEB8-D67552C43FC8}.Release|Any CPU.Build.0 = Release|Any CPU
		{56D87D79-0423-4F4D-A061-A7B64383D1E8}.Debug|Any CPU.ActiveCfg = Debug|Any CPU
		{56D87D79-0423-4F4D-A061-A7B64383D1E8}.Debug|Any CPU.Build.0 = Debug|Any CPU
		{56D87D79-0423-4F4D-A061-A7B64383D1E8}.Release|Any CPU.ActiveCfg = Release|Any CPU
		{56D87D79-0423-4F4D-A061-A7B64383D1E8}.Release|Any CPU.Build.0 = Release|Any CPU
		{51481ECE-F975-4DF4-A9A1-9B55388F5C54}.Debug|Any CPU.ActiveCfg = Debug|Any CPU
		{51481ECE-F975-4DF4-A9A1-9B55388F5C54}.Debug|Any CPU.Build.0 = Debug|Any CPU
		{51481ECE-F975-4DF4-A9A1-9B55388F5C54}.Release|Any CPU.ActiveCfg = Release|Any CPU
		{51481ECE-F975-4DF4-A9A1-9B55388F5C54}.Release|Any CPU.Build.0 = Release|Any CPU
		{53CA6DEC-ADAD-445D-8310-7DA519C7F1DA}.Debug|Any CPU.ActiveCfg = Debug|Any CPU
		{53CA6DEC-ADAD-445D-8310-7DA519C7F1DA}.Debug|Any CPU.Build.0 = Debug|Any CPU
		{53CA6DEC-ADAD-445D-8310-7DA519C7F1DA}.Release|Any CPU.ActiveCfg = Release|Any CPU
		{53CA6DEC-ADAD-445D-8310-7DA519C7F1DA}.Release|Any CPU.Build.0 = Release|Any CPU
	EndGlobalSection
	GlobalSection(SolutionProperties) = preSolution
		HideSolutionNode = FALSE
	EndGlobalSection
EndGlobal
